
Microsoft Visual Studio Solution File, Format Version 12.00
# Visual Studio Version 17
VisualStudioVersion = 17.3.32819.101
MinimumVisualStudioVersion = 10.0.40219.1
Project("{9A19103F-16F7-4668-BE54-9A1E7A4F7556}") = "RPG_Heroes", "RPG_Heroes\RPG_Heroes.csproj", "{4DCD0FB2-57E0-49F9-995F-2D424BF2198E}"
EndProject
Project("{FAE04EC0-301F-11D3-BF4B-00C04F79EFBC}") = "HeroTests", "HeroTests\HeroTests.csproj", "{030000C3-9A33-4E31-966B-2C8D9312B541}"
EndProject
Global
	GlobalSection(SolutionConfigurationPlatforms) = preSolution
		Debug|Any CPU = Debug|Any CPU
		Release|Any CPU = Release|Any CPU
	EndGlobalSection
	GlobalSection(ProjectConfigurationPlatforms) = postSolution
		{4DCD0FB2-57E0-49F9-995F-2D424BF2198E}.Debug|Any CPU.ActiveCfg = Debug|Any CPU
		{4DCD0FB2-57E0-49F9-995F-2D424BF2198E}.Debug|Any CPU.Build.0 = Debug|Any CPU
		{4DCD0FB2-57E0-49F9-995F-2D424BF2198E}.Release|Any CPU.ActiveCfg = Release|Any CPU
		{4DCD0FB2-57E0-49F9-995F-2D424BF2198E}.Release|Any CPU.Build.0 = Release|Any CPU
		{030000C3-9A33-4E31-966B-2C8D9312B541}.Debug|Any CPU.ActiveCfg = Debug|Any CPU
		{030000C3-9A33-4E31-966B-2C8D9312B541}.Debug|Any CPU.Build.0 = Debug|Any CPU
		{030000C3-9A33-4E31-966B-2C8D9312B541}.Release|Any CPU.ActiveCfg = Release|Any CPU
		{030000C3-9A33-4E31-966B-2C8D9312B541}.Release|Any CPU.Build.0 = Release|Any CPU
	EndGlobalSection
	GlobalSection(SolutionProperties) = preSolution
		HideSolutionNode = FALSE
	EndGlobalSection
	GlobalSection(ExtensibilityGlobals) = postSolution
		SolutionGuid = {C5D50829-E9D8-46CE-873F-67D5BC1F4ADF}
	EndGlobalSection
EndGlobal
